
Microsoft Visual Studio Solution File, Format Version 12.00
# Visual Studio Version 17
VisualStudioVersion = 17.1.32210.238
MinimumVisualStudioVersion = 10.0.40219.1
Project("{2150E333-8FDC-42A3-9474-1A3956D46DE8}") = "APIGateways", "APIGateways", "{6432C071-6F19-48D9-9484-6B89E1C56F34}"
EndProject
Project("{FAE04EC0-301F-11D3-BF4B-00C04F79EFBC}") = "APIGateway", "APIGateways\APIGateway\APIGateway.csproj", "{D86CD61A-ABEC-4511-9AD3-D7084487367F}"
EndProject
Global
	GlobalSection(SolutionConfigurationPlatforms) = preSolution
		Debug|Any CPU = Debug|Any CPU
		Release|Any CPU = Release|Any CPU
	EndGlobalSection
	GlobalSection(ProjectConfigurationPlatforms) = postSolution
		{D86CD61A-ABEC-4511-9AD3-D7084487367F}.Debug|Any CPU.ActiveCfg = Debug|Any CPU
		{D86CD61A-ABEC-4511-9AD3-D7084487367F}.Debug|Any CPU.Build.0 = Debug|Any CPU
		{D86CD61A-ABEC-4511-9AD3-D7084487367F}.Release|Any CPU.ActiveCfg = Release|Any CPU
		{D86CD61A-ABEC-4511-9AD3-D7084487367F}.Release|Any CPU.Build.0 = Release|Any CPU
	EndGlobalSection
	GlobalSection(SolutionProperties) = preSolution
		HideSolutionNode = FALSE
	EndGlobalSection
	GlobalSection(NestedProjects) = preSolution
		{D86CD61A-ABEC-4511-9AD3-D7084487367F} = {6432C071-6F19-48D9-9484-6B89E1C56F34}
	EndGlobalSection
	GlobalSection(ExtensibilityGlobals) = postSolution
		SolutionGuid = {9C9D7A5B-5C13-4EA1-BD26-B761BD0D92FD}
	EndGlobalSection
EndGlobal
