
Microsoft Visual Studio Solution File, Format Version 12.00
# Visual Studio Version 17
VisualStudioVersion = 17.1.32328.378
MinimumVisualStudioVersion = 10.0.40219.1
Project("{2150E333-8FDC-42A3-9474-1A3956D46DE8}") = "APIGateways", "APIGateways", "{0B2C9C90-EB13-419A-A987-85B1987005ED}"
EndProject
Project("{2150E333-8FDC-42A3-9474-1A3956D46DE8}") = "Services", "Services", "{320C3EB0-923F-4E3F-8F71-E3A25E271535}"
EndProject
Project("{9A19103F-16F7-4668-BE54-9A1E7A4F7556}") = "APIGateway", "APIGateways\APIGateway\APIGateway.csproj", "{F32C96A4-7766-4013-9769-8213F73F594A}"
EndProject
Project("{2150E333-8FDC-42A3-9474-1A3956D46DE8}") = "Tests", "Tests", "{62D0B0BA-DE04-4643-A4B8-08D2ABC613E1}"
EndProject
Project("{9A19103F-16F7-4668-BE54-9A1E7A4F7556}") = "FileMicroservice", "Services\FileMicroservice\FileMicroservice.csproj", "{0D91012D-200E-4C72-97C2-DD815CCFCF75}"
EndProject
Project("{2150E333-8FDC-42A3-9474-1A3956D46DE8}") = "FileMicroservice", "FileMicroservice", "{AD435ABF-9F5F-429E-9A76-C978F6800D77}"
EndProject
Project("{9A19103F-16F7-4668-BE54-9A1E7A4F7556}") = "FileMicroservice.UnitTests", "..\tests\FileMicroservice\FileMicroservice.UnitTests\FileMicroservice.UnitTests.csproj", "{ED1C1744-8847-4464-AE1A-5A44EE75D9EE}"
EndProject
Project("{2150E333-8FDC-42A3-9474-1A3956D46DE8}") = "LinkMicrosevice", "LinkMicrosevice", "{3495DBB2-B1B0-4C60-9F31-7F8B45CA4E44}"
EndProject
Project("{9A19103F-16F7-4668-BE54-9A1E7A4F7556}") = "LinkMicroservice", "Services\LinkMicroservice\LinkMicroservice.csproj", "{2D3C76CC-D011-4B37-92A2-D5F1EA25DAD0}"
EndProject
Project("{9A19103F-16F7-4668-BE54-9A1E7A4F7556}") = "FileMicroservice.IntegrationTests", "..\tests\FileMicroservice\FileMicroservice.IntegrationTests\FileMicroservice.IntegrationTests.csproj", "{760AFD36-685C-47E5-8394-13D056A6544C}"
EndProject
Project("{9A19103F-16F7-4668-BE54-9A1E7A4F7556}") = "LinkMicroservice.UnitTests", "..\tests\LinkMicroservice\LinkMicroservice.UnitTests\LinkMicroservice.UnitTests.csproj", "{F4DD08E0-09FE-4848-B983-D47556B748F9}"
EndProject
Project("{FAE04EC0-301F-11D3-BF4B-00C04F79EFBC}") = "LinkMicroservice.IntegrationTests", "..\tests\LinkMicroservice\LinkMicroservice.IntegrationTests\LinkMicroservice.IntegrationTests.csproj", "{8A8DC3DC-E1E1-415C-AC2C-5B10BB82E301}"
EndProject
Project("{2150E333-8FDC-42A3-9474-1A3956D46DE8}") = "DB Migrations", "DB Migrations", "{1C0AE0D4-3AB0-4757-9440-473CE503EE0B}"
EndProject
Project("{FAE04EC0-301F-11D3-BF4B-00C04F79EFBC}") = "LinkMicroservice.DBMigration", "..\deploy\databases\LinkMicroservice.DBMigration\LinkMicroservice.DBMigration.csproj", "{6563DD5A-AAF6-4BB6-8A9E-98AFF77DC020}"
EndProject
Global
	GlobalSection(SolutionConfigurationPlatforms) = preSolution
		Debug|Any CPU = Debug|Any CPU
		Release|Any CPU = Release|Any CPU
	EndGlobalSection
	GlobalSection(ProjectConfigurationPlatforms) = postSolution
		{F32C96A4-7766-4013-9769-8213F73F594A}.Debug|Any CPU.ActiveCfg = Debug|Any CPU
		{F32C96A4-7766-4013-9769-8213F73F594A}.Debug|Any CPU.Build.0 = Debug|Any CPU
		{F32C96A4-7766-4013-9769-8213F73F594A}.Release|Any CPU.ActiveCfg = Release|Any CPU
		{F32C96A4-7766-4013-9769-8213F73F594A}.Release|Any CPU.Build.0 = Release|Any CPU
		{0D91012D-200E-4C72-97C2-DD815CCFCF75}.Debug|Any CPU.ActiveCfg = Debug|Any CPU
		{0D91012D-200E-4C72-97C2-DD815CCFCF75}.Debug|Any CPU.Build.0 = Debug|Any CPU
		{0D91012D-200E-4C72-97C2-DD815CCFCF75}.Release|Any CPU.ActiveCfg = Release|Any CPU
		{0D91012D-200E-4C72-97C2-DD815CCFCF75}.Release|Any CPU.Build.0 = Release|Any CPU
		{ED1C1744-8847-4464-AE1A-5A44EE75D9EE}.Debug|Any CPU.ActiveCfg = Debug|Any CPU
		{ED1C1744-8847-4464-AE1A-5A44EE75D9EE}.Debug|Any CPU.Build.0 = Debug|Any CPU
		{ED1C1744-8847-4464-AE1A-5A44EE75D9EE}.Release|Any CPU.ActiveCfg = Release|Any CPU
		{ED1C1744-8847-4464-AE1A-5A44EE75D9EE}.Release|Any CPU.Build.0 = Release|Any CPU
		{2D3C76CC-D011-4B37-92A2-D5F1EA25DAD0}.Debug|Any CPU.ActiveCfg = Debug|Any CPU
		{2D3C76CC-D011-4B37-92A2-D5F1EA25DAD0}.Debug|Any CPU.Build.0 = Debug|Any CPU
		{2D3C76CC-D011-4B37-92A2-D5F1EA25DAD0}.Release|Any CPU.ActiveCfg = Release|Any CPU
		{2D3C76CC-D011-4B37-92A2-D5F1EA25DAD0}.Release|Any CPU.Build.0 = Release|Any CPU
		{760AFD36-685C-47E5-8394-13D056A6544C}.Debug|Any CPU.ActiveCfg = Debug|Any CPU
		{760AFD36-685C-47E5-8394-13D056A6544C}.Debug|Any CPU.Build.0 = Debug|Any CPU
		{760AFD36-685C-47E5-8394-13D056A6544C}.Release|Any CPU.ActiveCfg = Release|Any CPU
		{760AFD36-685C-47E5-8394-13D056A6544C}.Release|Any CPU.Build.0 = Release|Any CPU
		{F4DD08E0-09FE-4848-B983-D47556B748F9}.Debug|Any CPU.ActiveCfg = Debug|Any CPU
		{F4DD08E0-09FE-4848-B983-D47556B748F9}.Debug|Any CPU.Build.0 = Debug|Any CPU
		{F4DD08E0-09FE-4848-B983-D47556B748F9}.Release|Any CPU.ActiveCfg = Release|Any CPU
		{F4DD08E0-09FE-4848-B983-D47556B748F9}.Release|Any CPU.Build.0 = Release|Any CPU
		{8A8DC3DC-E1E1-415C-AC2C-5B10BB82E301}.Debug|Any CPU.ActiveCfg = Debug|Any CPU
		{8A8DC3DC-E1E1-415C-AC2C-5B10BB82E301}.Debug|Any CPU.Build.0 = Debug|Any CPU
		{8A8DC3DC-E1E1-415C-AC2C-5B10BB82E301}.Release|Any CPU.ActiveCfg = Release|Any CPU
		{8A8DC3DC-E1E1-415C-AC2C-5B10BB82E301}.Release|Any CPU.Build.0 = Release|Any CPU
		{6563DD5A-AAF6-4BB6-8A9E-98AFF77DC020}.Debug|Any CPU.ActiveCfg = Debug|Any CPU
		{6563DD5A-AAF6-4BB6-8A9E-98AFF77DC020}.Debug|Any CPU.Build.0 = Debug|Any CPU
		{6563DD5A-AAF6-4BB6-8A9E-98AFF77DC020}.Release|Any CPU.ActiveCfg = Release|Any CPU
		{6563DD5A-AAF6-4BB6-8A9E-98AFF77DC020}.Release|Any CPU.Build.0 = Release|Any CPU
	EndGlobalSection
	GlobalSection(SolutionProperties) = preSolution
		HideSolutionNode = FALSE
	EndGlobalSection
	GlobalSection(NestedProjects) = preSolution
		{F32C96A4-7766-4013-9769-8213F73F594A} = {0B2C9C90-EB13-419A-A987-85B1987005ED}
		{0D91012D-200E-4C72-97C2-DD815CCFCF75} = {320C3EB0-923F-4E3F-8F71-E3A25E271535}
		{AD435ABF-9F5F-429E-9A76-C978F6800D77} = {62D0B0BA-DE04-4643-A4B8-08D2ABC613E1}
		{ED1C1744-8847-4464-AE1A-5A44EE75D9EE} = {AD435ABF-9F5F-429E-9A76-C978F6800D77}
		{3495DBB2-B1B0-4C60-9F31-7F8B45CA4E44} = {62D0B0BA-DE04-4643-A4B8-08D2ABC613E1}
		{2D3C76CC-D011-4B37-92A2-D5F1EA25DAD0} = {320C3EB0-923F-4E3F-8F71-E3A25E271535}
		{760AFD36-685C-47E5-8394-13D056A6544C} = {AD435ABF-9F5F-429E-9A76-C978F6800D77}
		{F4DD08E0-09FE-4848-B983-D47556B748F9} = {3495DBB2-B1B0-4C60-9F31-7F8B45CA4E44}
		{8A8DC3DC-E1E1-415C-AC2C-5B10BB82E301} = {3495DBB2-B1B0-4C60-9F31-7F8B45CA4E44}
		{6563DD5A-AAF6-4BB6-8A9E-98AFF77DC020} = {1C0AE0D4-3AB0-4757-9440-473CE503EE0B}
	EndGlobalSection
	GlobalSection(ExtensibilityGlobals) = postSolution
		SolutionGuid = {B955A228-4EFA-487D-B88E-033A796387B6}
	EndGlobalSection
EndGlobal
